// !$*UTF8*$!
{
	archiveVersion = 1;
	classes = {
	};
	objectVersion = 52;
	objects = {

/* Begin PBXBuildFile section */
		D047222324479EEF00D8E667 /* AppDelegate.swift in Sources */ = {isa = PBXBuildFile; fileRef = D047222224479EEF00D8E667 /* AppDelegate.swift */; };
		D047222524479EEF00D8E667 /* SceneDelegate.swift in Sources */ = {isa = PBXBuildFile; fileRef = D047222424479EEF00D8E667 /* SceneDelegate.swift */; };
		D047222A24479EEF00D8E667 /* Main.storyboard in Resources */ = {isa = PBXBuildFile; fileRef = D047222824479EEF00D8E667 /* Main.storyboard */; };
		D047222D24479EEF00D8E667 /* Git_Monitor.xcdatamodeld in Sources */ = {isa = PBXBuildFile; fileRef = D047222B24479EEF00D8E667 /* Git_Monitor.xcdatamodeld */; };
		D047222F24479EF100D8E667 /* Assets.xcassets in Resources */ = {isa = PBXBuildFile; fileRef = D047222E24479EF100D8E667 /* Assets.xcassets */; };
		D047223224479EF100D8E667 /* LaunchScreen.storyboard in Resources */ = {isa = PBXBuildFile; fileRef = D047223024479EF100D8E667 /* LaunchScreen.storyboard */; };
		D047223D24479EF100D8E667 /* Git_MonitorTests.swift in Sources */ = {isa = PBXBuildFile; fileRef = D047223C24479EF100D8E667 /* Git_MonitorTests.swift */; };
		D047224C2447A12600D8E667 /* LoginViewController.swift in Sources */ = {isa = PBXBuildFile; fileRef = D047224A2447A12600D8E667 /* LoginViewController.swift */; };
		D047224D2447A12600D8E667 /* LoginViewController.xib in Resources */ = {isa = PBXBuildFile; fileRef = D047224B2447A12600D8E667 /* LoginViewController.xib */; };
		D04722522447A61400D8E667 /* FeedsViewController.swift in Sources */ = {isa = PBXBuildFile; fileRef = D04722502447A61400D8E667 /* FeedsViewController.swift */; };
		D04722532447A61400D8E667 /* FeedsViewController.xib in Resources */ = {isa = PBXBuildFile; fileRef = D04722512447A61400D8E667 /* FeedsViewController.xib */; };
		D0823D67244A41980037ED97 /* ProfileViewController.swift in Sources */ = {isa = PBXBuildFile; fileRef = D0823D65244A41980037ED97 /* ProfileViewController.swift */; };
		D0823D68244A41980037ED97 /* ProfileViewController.xib in Resources */ = {isa = PBXBuildFile; fileRef = D0823D66244A41980037ED97 /* ProfileViewController.xib */; };
		D0823D6B244A46BC0037ED97 /* RepositoryCell.swift in Sources */ = {isa = PBXBuildFile; fileRef = D0823D69244A46BC0037ED97 /* RepositoryCell.swift */; };
		D0823D6C244A46BC0037ED97 /* RepositoryCell.xib in Resources */ = {isa = PBXBuildFile; fileRef = D0823D6A244A46BC0037ED97 /* RepositoryCell.xib */; };
		D0A459B42450D5A500C1C1D7 /* UIViewController+KeyboardHandling.swift in Sources */ = {isa = PBXBuildFile; fileRef = D0A459B32450D5A500C1C1D7 /* UIViewController+KeyboardHandling.swift */; };
		D0A89EE3244E427E00CDC179 /* RepositoryEntity.swift in Sources */ = {isa = PBXBuildFile; fileRef = D0A89EE2244E427E00CDC179 /* RepositoryEntity.swift */; };
		D0A89EE5244EDD8C00CDC179 /* RepositoryRequestEntity.swift in Sources */ = {isa = PBXBuildFile; fileRef = D0A89EE4244EDD8C00CDC179 /* RepositoryRequestEntity.swift */; };
		D0B3BD74244E313B00DB59A9 /* NetworkManager.swift in Sources */ = {isa = PBXBuildFile; fileRef = D0B3BD73244E313B00DB59A9 /* NetworkManager.swift */; };
		D0B3BD76244E31FA00DB59A9 /* RestEntity.swift in Sources */ = {isa = PBXBuildFile; fileRef = D0B3BD75244E31FA00DB59A9 /* RestEntity.swift */; };
		D0B3BD7B244E3EB900DB59A9 /* ApiUrls.swift in Sources */ = {isa = PBXBuildFile; fileRef = D0B3BD7A244E3EB900DB59A9 /* ApiUrls.swift */; };
		D0B728FE2448F74F002FA3AC /* StyledTextField.swift in Sources */ = {isa = PBXBuildFile; fileRef = D0B728FD2448F74F002FA3AC /* StyledTextField.swift */; };
		D0B729002449015A002FA3AC /* ProfileItemView.swift in Sources */ = {isa = PBXBuildFile; fileRef = D0B728FF2449015A002FA3AC /* ProfileItemView.swift */; };
		D0D81A972450EE89004DAFC2 /* UIColor+Theming.swift in Sources */ = {isa = PBXBuildFile; fileRef = D0D81A962450EE89004DAFC2 /* UIColor+Theming.swift */; };
		D0ECABDB2447A83500794183 /* FeedsViewController+TableViewDelegate.swift in Sources */ = {isa = PBXBuildFile; fileRef = D0ECABDA2447A83500794183 /* FeedsViewController+TableViewDelegate.swift */; };
		D0ECABDE24484F5500794183 /* UpperNotificationView.swift in Sources */ = {isa = PBXBuildFile; fileRef = D0ECABDD24484F5500794183 /* UpperNotificationView.swift */; };
		D0ECABE1244855E200794183 /* SnapKit in Frameworks */ = {isa = PBXBuildFile; productRef = D0ECABE0244855E200794183 /* SnapKit */; };
		D0ECABE52448614200794183 /* TypedUIButton.swift in Sources */ = {isa = PBXBuildFile; fileRef = D0ECABE42448614200794183 /* TypedUIButton.swift */; };
		D0ECABEA2448694300794183 /* UIColor.swift in Sources */ = {isa = PBXBuildFile; fileRef = D0ECABE92448694300794183 /* UIColor.swift */; };
/* End PBXBuildFile section */

/* Begin PBXContainerItemProxy section */
		D047223924479EF100D8E667 /* PBXContainerItemProxy */ = {
			isa = PBXContainerItemProxy;
			containerPortal = D047221724479EEF00D8E667 /* Project object */;
			proxyType = 1;
			remoteGlobalIDString = D047221E24479EEF00D8E667;
			remoteInfo = "Git Monitor";
		};
/* End PBXContainerItemProxy section */

/* Begin PBXFileReference section */
		D047221F24479EEF00D8E667 /* Git Monitor.app */ = {isa = PBXFileReference; explicitFileType = wrapper.application; includeInIndex = 0; path = "Git Monitor.app"; sourceTree = BUILT_PRODUCTS_DIR; };
		D047222224479EEF00D8E667 /* AppDelegate.swift */ = {isa = PBXFileReference; lastKnownFileType = sourcecode.swift; path = AppDelegate.swift; sourceTree = "<group>"; };
		D047222424479EEF00D8E667 /* SceneDelegate.swift */ = {isa = PBXFileReference; lastKnownFileType = sourcecode.swift; path = SceneDelegate.swift; sourceTree = "<group>"; };
		D047222924479EEF00D8E667 /* Base */ = {isa = PBXFileReference; lastKnownFileType = file.storyboard; name = Base; path = Base.lproj/Main.storyboard; sourceTree = "<group>"; };
		D047222C24479EEF00D8E667 /* Git_Monitor.xcdatamodel */ = {isa = PBXFileReference; lastKnownFileType = wrapper.xcdatamodel; path = Git_Monitor.xcdatamodel; sourceTree = "<group>"; };
		D047222E24479EF100D8E667 /* Assets.xcassets */ = {isa = PBXFileReference; lastKnownFileType = folder.assetcatalog; path = Assets.xcassets; sourceTree = "<group>"; };
		D047223124479EF100D8E667 /* Base */ = {isa = PBXFileReference; lastKnownFileType = file.storyboard; name = Base; path = Base.lproj/LaunchScreen.storyboard; sourceTree = "<group>"; };
		D047223324479EF100D8E667 /* Info.plist */ = {isa = PBXFileReference; lastKnownFileType = text.plist.xml; path = Info.plist; sourceTree = "<group>"; };
		D047223824479EF100D8E667 /* Git MonitorTests.xctest */ = {isa = PBXFileReference; explicitFileType = wrapper.cfbundle; includeInIndex = 0; path = "Git MonitorTests.xctest"; sourceTree = BUILT_PRODUCTS_DIR; };
		D047223C24479EF100D8E667 /* Git_MonitorTests.swift */ = {isa = PBXFileReference; lastKnownFileType = sourcecode.swift; path = Git_MonitorTests.swift; sourceTree = "<group>"; };
		D047223E24479EF100D8E667 /* Info.plist */ = {isa = PBXFileReference; lastKnownFileType = text.plist.xml; path = Info.plist; sourceTree = "<group>"; };
		D047224724479F1800D8E667 /* Git Monitor.entitlements */ = {isa = PBXFileReference; lastKnownFileType = text.plist.entitlements; path = "Git Monitor.entitlements"; sourceTree = "<group>"; };
		D047224A2447A12600D8E667 /* LoginViewController.swift */ = {isa = PBXFileReference; lastKnownFileType = sourcecode.swift; path = LoginViewController.swift; sourceTree = "<group>"; };
		D047224B2447A12600D8E667 /* LoginViewController.xib */ = {isa = PBXFileReference; lastKnownFileType = file.xib; path = LoginViewController.xib; sourceTree = "<group>"; };
		D04722502447A61400D8E667 /* FeedsViewController.swift */ = {isa = PBXFileReference; lastKnownFileType = sourcecode.swift; path = FeedsViewController.swift; sourceTree = "<group>"; };
		D04722512447A61400D8E667 /* FeedsViewController.xib */ = {isa = PBXFileReference; lastKnownFileType = file.xib; path = FeedsViewController.xib; sourceTree = "<group>"; };
		D0823D65244A41980037ED97 /* ProfileViewController.swift */ = {isa = PBXFileReference; lastKnownFileType = sourcecode.swift; path = ProfileViewController.swift; sourceTree = "<group>"; };
		D0823D66244A41980037ED97 /* ProfileViewController.xib */ = {isa = PBXFileReference; lastKnownFileType = file.xib; path = ProfileViewController.xib; sourceTree = "<group>"; };
		D0823D69244A46BC0037ED97 /* RepositoryCell.swift */ = {isa = PBXFileReference; lastKnownFileType = sourcecode.swift; path = RepositoryCell.swift; sourceTree = "<group>"; };
		D0823D6A244A46BC0037ED97 /* RepositoryCell.xib */ = {isa = PBXFileReference; lastKnownFileType = file.xib; path = RepositoryCell.xib; sourceTree = "<group>"; };
		D0A459B32450D5A500C1C1D7 /* UIViewController+KeyboardHandling.swift */ = {isa = PBXFileReference; lastKnownFileType = sourcecode.swift; path = "UIViewController+KeyboardHandling.swift"; sourceTree = "<group>"; };
		D0A89EE2244E427E00CDC179 /* RepositoryEntity.swift */ = {isa = PBXFileReference; lastKnownFileType = sourcecode.swift; path = RepositoryEntity.swift; sourceTree = "<group>"; };
		D0A89EE4244EDD8C00CDC179 /* RepositoryRequestEntity.swift */ = {isa = PBXFileReference; lastKnownFileType = sourcecode.swift; path = RepositoryRequestEntity.swift; sourceTree = "<group>"; };
		D0B3BD73244E313B00DB59A9 /* NetworkManager.swift */ = {isa = PBXFileReference; lastKnownFileType = sourcecode.swift; path = NetworkManager.swift; sourceTree = "<group>"; };
		D0B3BD75244E31FA00DB59A9 /* RestEntity.swift */ = {isa = PBXFileReference; lastKnownFileType = sourcecode.swift; path = RestEntity.swift; sourceTree = "<group>"; };
		D0B3BD7A244E3EB900DB59A9 /* ApiUrls.swift */ = {isa = PBXFileReference; lastKnownFileType = sourcecode.swift; path = ApiUrls.swift; sourceTree = "<group>"; };
		D0B728FD2448F74F002FA3AC /* StyledTextField.swift */ = {isa = PBXFileReference; lastKnownFileType = sourcecode.swift; path = StyledTextField.swift; sourceTree = "<group>"; };
		D0B728FF2449015A002FA3AC /* ProfileItemView.swift */ = {isa = PBXFileReference; lastKnownFileType = sourcecode.swift; path = ProfileItemView.swift; sourceTree = "<group>"; };
		D0D81A962450EE89004DAFC2 /* UIColor+Theming.swift */ = {isa = PBXFileReference; lastKnownFileType = sourcecode.swift; path = "UIColor+Theming.swift"; sourceTree = "<group>"; };
		D0ECABDA2447A83500794183 /* FeedsViewController+TableViewDelegate.swift */ = {isa = PBXFileReference; lastKnownFileType = sourcecode.swift; path = "FeedsViewController+TableViewDelegate.swift"; sourceTree = "<group>"; };
		D0ECABDD24484F5500794183 /* UpperNotificationView.swift */ = {isa = PBXFileReference; lastKnownFileType = sourcecode.swift; path = UpperNotificationView.swift; sourceTree = "<group>"; };
		D0ECABE42448614200794183 /* TypedUIButton.swift */ = {isa = PBXFileReference; lastKnownFileType = sourcecode.swift; path = TypedUIButton.swift; sourceTree = "<group>"; };
		D0ECABE92448694300794183 /* UIColor.swift */ = {isa = PBXFileReference; lastKnownFileType = sourcecode.swift; path = UIColor.swift; sourceTree = "<group>"; };
/* End PBXFileReference section */

/* Begin PBXFrameworksBuildPhase section */
		D047221C24479EEF00D8E667 /* Frameworks */ = {
			isa = PBXFrameworksBuildPhase;
			buildActionMask = 2147483647;
			files = (
				D0ECABE1244855E200794183 /* SnapKit in Frameworks */,
			);
			runOnlyForDeploymentPostprocessing = 0;
		};
		D047223524479EF100D8E667 /* Frameworks */ = {
			isa = PBXFrameworksBuildPhase;
			buildActionMask = 2147483647;
			files = (
			);
			runOnlyForDeploymentPostprocessing = 0;
		};
/* End PBXFrameworksBuildPhase section */

/* Begin PBXGroup section */
		D047221624479EEF00D8E667 = {
			isa = PBXGroup;
			children = (
				D047222124479EEF00D8E667 /* Git Monitor */,
				D047223B24479EF100D8E667 /* Git MonitorTests */,
				D047222024479EEF00D8E667 /* Products */,
			);
			sourceTree = "<group>";
		};
		D047222024479EEF00D8E667 /* Products */ = {
			isa = PBXGroup;
			children = (
				D047221F24479EEF00D8E667 /* Git Monitor.app */,
				D047223824479EF100D8E667 /* Git MonitorTests.xctest */,
			);
			name = Products;
			sourceTree = "<group>";
		};
		D047222124479EEF00D8E667 /* Git Monitor */ = {
			isa = PBXGroup;
			children = (
				D0B3BD72244E300F00DB59A9 /* Network */,
				D0ECABEB2448696E00794183 /* Common */,
				D0ECABE62448686000794183 /* Extensions */,
				D0ECABDC24484F2400794183 /* View */,
				D047224824479F6C00D8E667 /* Screens */,
				D047224724479F1800D8E667 /* Git Monitor.entitlements */,
				D047222224479EEF00D8E667 /* AppDelegate.swift */,
				D047222424479EEF00D8E667 /* SceneDelegate.swift */,
				D047222824479EEF00D8E667 /* Main.storyboard */,
				D047222E24479EF100D8E667 /* Assets.xcassets */,
				D047223024479EF100D8E667 /* LaunchScreen.storyboard */,
				D047223324479EF100D8E667 /* Info.plist */,
				D047222B24479EEF00D8E667 /* Git_Monitor.xcdatamodeld */,
			);
			path = "Git Monitor";
			sourceTree = "<group>";
		};
		D047223B24479EF100D8E667 /* Git MonitorTests */ = {
			isa = PBXGroup;
			children = (
				D047223C24479EF100D8E667 /* Git_MonitorTests.swift */,
				D047223E24479EF100D8E667 /* Info.plist */,
			);
			path = "Git MonitorTests";
			sourceTree = "<group>";
		};
		D047224824479F6C00D8E667 /* Screens */ = {
			isa = PBXGroup;
			children = (
				D0823D64244A41700037ED97 /* Profile */,
				D0823D63244A41640037ED97 /* PullRequests */,
				D047224F2447A5D700D8E667 /* Feeds */,
				D047224924479FF700D8E667 /* Auth */,
			);
			path = Screens;
			sourceTree = "<group>";
		};
		D047224924479FF700D8E667 /* Auth */ = {
			isa = PBXGroup;
			children = (
				D047224A2447A12600D8E667 /* LoginViewController.swift */,
				D047224B2447A12600D8E667 /* LoginViewController.xib */,
			);
			path = Auth;
			sourceTree = "<group>";
		};
		D047224F2447A5D700D8E667 /* Feeds */ = {
			isa = PBXGroup;
			children = (
				D04722542447A61900D8E667 /* Cells */,
				D04722502447A61400D8E667 /* FeedsViewController.swift */,
				D04722512447A61400D8E667 /* FeedsViewController.xib */,
				D0ECABDA2447A83500794183 /* FeedsViewController+TableViewDelegate.swift */,
			);
			path = Feeds;
			sourceTree = "<group>";
		};
		D04722542447A61900D8E667 /* Cells */ = {
			isa = PBXGroup;
			children = (
			);
			path = Cells;
			sourceTree = "<group>";
		};
		D0823D63244A41640037ED97 /* PullRequests */ = {
			isa = PBXGroup;
			children = (
			);
			path = PullRequests;
			sourceTree = "<group>";
		};
		D0823D64244A41700037ED97 /* Profile */ = {
			isa = PBXGroup;
			children = (
				D0823D6D244A46C10037ED97 /* Cells */,
				D0823D65244A41980037ED97 /* ProfileViewController.swift */,
				D0823D66244A41980037ED97 /* ProfileViewController.xib */,
			);
			path = Profile;
			sourceTree = "<group>";
		};
		D0823D6D244A46C10037ED97 /* Cells */ = {
			isa = PBXGroup;
			children = (
				D0823D69244A46BC0037ED97 /* RepositoryCell.swift */,
				D0823D6A244A46BC0037ED97 /* RepositoryCell.xib */,
			);
			path = Cells;
			sourceTree = "<group>";
		};
		D0B3BD72244E300F00DB59A9 /* Network */ = {
			isa = PBXGroup;
			children = (
				D0B3BD77244E3E7400DB59A9 /* Entity */,
				D0B3BD73244E313B00DB59A9 /* NetworkManager.swift */,
				D0B3BD75244E31FA00DB59A9 /* RestEntity.swift */,
				D0B3BD7A244E3EB900DB59A9 /* ApiUrls.swift */,
			);
			path = Network;
			sourceTree = "<group>";
		};
		D0B3BD77244E3E7400DB59A9 /* Entity */ = {
			isa = PBXGroup;
			children = (
				D0B3BD79244E3E8900DB59A9 /* Responce */,
				D0B3BD78244E3E8300DB59A9 /* Request */,
			);
			path = Entity;
			sourceTree = "<group>";
		};
		D0B3BD78244E3E8300DB59A9 /* Request */ = {
			isa = PBXGroup;
			children = (
				D0A89EE4244EDD8C00CDC179 /* RepositoryRequestEntity.swift */,
			);
			path = Request;
			sourceTree = "<group>";
		};
		D0B3BD79244E3E8900DB59A9 /* Responce */ = {
			isa = PBXGroup;
			children = (
				D0A89EE2244E427E00CDC179 /* RepositoryEntity.swift */,
			);
			path = Responce;
			sourceTree = "<group>";
		};
		D0B728FC2448F701002FA3AC /* TextField */ = {
			isa = PBXGroup;
			children = (
				D0B728FD2448F74F002FA3AC /* StyledTextField.swift */,
			);
			path = TextField;
			sourceTree = "<group>";
		};
		D0ECABDC24484F2400794183 /* View */ = {
			isa = PBXGroup;
			children = (
				D0B728FC2448F701002FA3AC /* TextField */,
				D0ECABE3244860F800794183 /* Button */,
				D0ECABE2244860EC00794183 /* Notification */,
				D0B728FF2449015A002FA3AC /* ProfileItemView.swift */,
			);
			path = View;
			sourceTree = "<group>";
		};
		D0ECABE2244860EC00794183 /* Notification */ = {
			isa = PBXGroup;
			children = (
				D0ECABDD24484F5500794183 /* UpperNotificationView.swift */,
			);
			path = Notification;
			sourceTree = "<group>";
		};
		D0ECABE3244860F800794183 /* Button */ = {
			isa = PBXGroup;
			children = (
				D0ECABE42448614200794183 /* TypedUIButton.swift */,
			);
			path = Button;
			sourceTree = "<group>";
		};
		D0ECABE62448686000794183 /* Extensions */ = {
			isa = PBXGroup;
			children = (
				D0ECABE92448694300794183 /* UIColor.swift */,
				D0A459B32450D5A500C1C1D7 /* UIViewController+KeyboardHandling.swift */,
				D0D81A962450EE89004DAFC2 /* UIColor+Theming.swift */,
			);
			path = Extensions;
			sourceTree = "<group>";
		};
		D0ECABEB2448696E00794183 /* Common */ = {
			isa = PBXGroup;
			children = (
			);
			path = Common;
			sourceTree = "<group>";
		};
/* End PBXGroup section */

/* Begin PBXNativeTarget section */
		D047221E24479EEF00D8E667 /* Git Monitor */ = {
			isa = PBXNativeTarget;
			buildConfigurationList = D047224124479EF100D8E667 /* Build configuration list for PBXNativeTarget "Git Monitor" */;
			buildPhases = (
				D047221B24479EEF00D8E667 /* Sources */,
				D047221C24479EEF00D8E667 /* Frameworks */,
				D047221D24479EEF00D8E667 /* Resources */,
			);
			buildRules = (
			);
			dependencies = (
			);
			name = "Git Monitor";
			packageProductDependencies = (
				D0ECABE0244855E200794183 /* SnapKit */,
			);
			productName = "Git Monitor";
			productReference = D047221F24479EEF00D8E667 /* Git Monitor.app */;
			productType = "com.apple.product-type.application";
		};
		D047223724479EF100D8E667 /* Git MonitorTests */ = {
			isa = PBXNativeTarget;
			buildConfigurationList = D047224424479EF100D8E667 /* Build configuration list for PBXNativeTarget "Git MonitorTests" */;
			buildPhases = (
				D047223424479EF100D8E667 /* Sources */,
				D047223524479EF100D8E667 /* Frameworks */,
				D047223624479EF100D8E667 /* Resources */,
			);
			buildRules = (
			);
			dependencies = (
				D047223A24479EF100D8E667 /* PBXTargetDependency */,
			);
			name = "Git MonitorTests";
			productName = "Git MonitorTests";
			productReference = D047223824479EF100D8E667 /* Git MonitorTests.xctest */;
			productType = "com.apple.product-type.bundle.unit-test";
		};
/* End PBXNativeTarget section */

/* Begin PBXProject section */
		D047221724479EEF00D8E667 /* Project object */ = {
			isa = PBXProject;
			attributes = {
				LastSwiftUpdateCheck = 1140;
				LastUpgradeCheck = 1140;
				ORGANIZATIONNAME = "F Developers";
				TargetAttributes = {
					D047221E24479EEF00D8E667 = {
						CreatedOnToolsVersion = 11.4;
					};
					D047223724479EF100D8E667 = {
						CreatedOnToolsVersion = 11.4;
						TestTargetID = D047221E24479EEF00D8E667;
					};
				};
			};
			buildConfigurationList = D047221A24479EEF00D8E667 /* Build configuration list for PBXProject "Git Monitor" */;
			compatibilityVersion = "Xcode 9.3";
			developmentRegion = en;
			hasScannedForEncodings = 0;
			knownRegions = (
				en,
				Base,
			);
			mainGroup = D047221624479EEF00D8E667;
			packageReferences = (
				D0ECABDF244855E200794183 /* XCRemoteSwiftPackageReference "SnapKit" */,
			);
			productRefGroup = D047222024479EEF00D8E667 /* Products */;
			projectDirPath = "";
			projectRoot = "";
			targets = (
				D047221E24479EEF00D8E667 /* Git Monitor */,
				D047223724479EF100D8E667 /* Git MonitorTests */,
			);
		};
/* End PBXProject section */

/* Begin PBXResourcesBuildPhase section */
		D047221D24479EEF00D8E667 /* Resources */ = {
			isa = PBXResourcesBuildPhase;
			buildActionMask = 2147483647;
			files = (
				D0823D68244A41980037ED97 /* ProfileViewController.xib in Resources */,
				D0823D6C244A46BC0037ED97 /* RepositoryCell.xib in Resources */,
				D047224D2447A12600D8E667 /* LoginViewController.xib in Resources */,
				D04722532447A61400D8E667 /* FeedsViewController.xib in Resources */,
				D047223224479EF100D8E667 /* LaunchScreen.storyboard in Resources */,
				D047222F24479EF100D8E667 /* Assets.xcassets in Resources */,
				D047222A24479EEF00D8E667 /* Main.storyboard in Resources */,
			);
			runOnlyForDeploymentPostprocessing = 0;
		};
		D047223624479EF100D8E667 /* Resources */ = {
			isa = PBXResourcesBuildPhase;
			buildActionMask = 2147483647;
			files = (
			);
			runOnlyForDeploymentPostprocessing = 0;
		};
/* End PBXResourcesBuildPhase section */

/* Begin PBXSourcesBuildPhase section */
		D047221B24479EEF00D8E667 /* Sources */ = {
			isa = PBXSourcesBuildPhase;
			buildActionMask = 2147483647;
			files = (
				D0A459B42450D5A500C1C1D7 /* UIViewController+KeyboardHandling.swift in Sources */,
				D0823D6B244A46BC0037ED97 /* RepositoryCell.swift in Sources */,
				D047222324479EEF00D8E667 /* AppDelegate.swift in Sources */,
				D0B3BD74244E313B00DB59A9 /* NetworkManager.swift in Sources */,
				D047222524479EEF00D8E667 /* SceneDelegate.swift in Sources */,
				D0B3BD7B244E3EB900DB59A9 /* ApiUrls.swift in Sources */,
				D0823D67244A41980037ED97 /* ProfileViewController.swift in Sources */,
				D0ECABE52448614200794183 /* TypedUIButton.swift in Sources */,
				D0A89EE3244E427E00CDC179 /* RepositoryEntity.swift in Sources */,
				D0ECABDB2447A83500794183 /* FeedsViewController+TableViewDelegate.swift in Sources */,
				D0ECABDE24484F5500794183 /* UpperNotificationView.swift in Sources */,
				D0B729002449015A002FA3AC /* ProfileItemView.swift in Sources */,
				D0D81A972450EE89004DAFC2 /* UIColor+Theming.swift in Sources */,
				D0B3BD76244E31FA00DB59A9 /* RestEntity.swift in Sources */,
				D0ECABEA2448694300794183 /* UIColor.swift in Sources */,
				D04722522447A61400D8E667 /* FeedsViewController.swift in Sources */,
				D047224C2447A12600D8E667 /* LoginViewController.swift in Sources */,
				D0B728FE2448F74F002FA3AC /* StyledTextField.swift in Sources */,
				D0A89EE5244EDD8C00CDC179 /* RepositoryRequestEntity.swift in Sources */,
				D047222D24479EEF00D8E667 /* Git_Monitor.xcdatamodeld in Sources */,
			);
			runOnlyForDeploymentPostprocessing = 0;
		};
		D047223424479EF100D8E667 /* Sources */ = {
			isa = PBXSourcesBuildPhase;
			buildActionMask = 2147483647;
			files = (
				D047223D24479EF100D8E667 /* Git_MonitorTests.swift in Sources */,
			);
			runOnlyForDeploymentPostprocessing = 0;
		};
/* End PBXSourcesBuildPhase section */

/* Begin PBXTargetDependency section */
		D047223A24479EF100D8E667 /* PBXTargetDependency */ = {
			isa = PBXTargetDependency;
			target = D047221E24479EEF00D8E667 /* Git Monitor */;
			targetProxy = D047223924479EF100D8E667 /* PBXContainerItemProxy */;
		};
/* End PBXTargetDependency section */

/* Begin PBXVariantGroup section */
		D047222824479EEF00D8E667 /* Main.storyboard */ = {
			isa = PBXVariantGroup;
			children = (
				D047222924479EEF00D8E667 /* Base */,
			);
			name = Main.storyboard;
			sourceTree = "<group>";
		};
		D047223024479EF100D8E667 /* LaunchScreen.storyboard */ = {
			isa = PBXVariantGroup;
			children = (
				D047223124479EF100D8E667 /* Base */,
			);
			name = LaunchScreen.storyboard;
			sourceTree = "<group>";
		};
/* End PBXVariantGroup section */

/* Begin XCBuildConfiguration section */
		D047223F24479EF100D8E667 /* Debug */ = {
			isa = XCBuildConfiguration;
			buildSettings = {
				ALWAYS_SEARCH_USER_PATHS = NO;
				CLANG_ANALYZER_NONNULL = YES;
				CLANG_ANALYZER_NUMBER_OBJECT_CONVERSION = YES_AGGRESSIVE;
				CLANG_CXX_LANGUAGE_STANDARD = "gnu++14";
				CLANG_CXX_LIBRARY = "libc++";
				CLANG_ENABLE_MODULES = YES;
				CLANG_ENABLE_OBJC_ARC = YES;
				CLANG_ENABLE_OBJC_WEAK = YES;
				CLANG_WARN_BLOCK_CAPTURE_AUTORELEASING = YES;
				CLANG_WARN_BOOL_CONVERSION = YES;
				CLANG_WARN_COMMA = YES;
				CLANG_WARN_CONSTANT_CONVERSION = YES;
				CLANG_WARN_DEPRECATED_OBJC_IMPLEMENTATIONS = YES;
				CLANG_WARN_DIRECT_OBJC_ISA_USAGE = YES_ERROR;
				CLANG_WARN_DOCUMENTATION_COMMENTS = YES;
				CLANG_WARN_EMPTY_BODY = YES;
				CLANG_WARN_ENUM_CONVERSION = YES;
				CLANG_WARN_INFINITE_RECURSION = YES;
				CLANG_WARN_INT_CONVERSION = YES;
				CLANG_WARN_NON_LITERAL_NULL_CONVERSION = YES;
				CLANG_WARN_OBJC_IMPLICIT_RETAIN_SELF = YES;
				CLANG_WARN_OBJC_LITERAL_CONVERSION = YES;
				CLANG_WARN_OBJC_ROOT_CLASS = YES_ERROR;
				CLANG_WARN_RANGE_LOOP_ANALYSIS = YES;
				CLANG_WARN_STRICT_PROTOTYPES = YES;
				CLANG_WARN_SUSPICIOUS_MOVE = YES;
				CLANG_WARN_UNGUARDED_AVAILABILITY = YES_AGGRESSIVE;
				CLANG_WARN_UNREACHABLE_CODE = YES;
				CLANG_WARN__DUPLICATE_METHOD_MATCH = YES;
				COPY_PHASE_STRIP = NO;
				DEBUG_INFORMATION_FORMAT = dwarf;
				ENABLE_STRICT_OBJC_MSGSEND = YES;
				ENABLE_TESTABILITY = YES;
				GCC_C_LANGUAGE_STANDARD = gnu11;
				GCC_DYNAMIC_NO_PIC = NO;
				GCC_NO_COMMON_BLOCKS = YES;
				GCC_OPTIMIZATION_LEVEL = 0;
				GCC_PREPROCESSOR_DEFINITIONS = (
					"DEBUG=1",
					"$(inherited)",
				);
				GCC_WARN_64_TO_32_BIT_CONVERSION = YES;
				GCC_WARN_ABOUT_RETURN_TYPE = YES_ERROR;
				GCC_WARN_UNDECLARED_SELECTOR = YES;
				GCC_WARN_UNINITIALIZED_AUTOS = YES_AGGRESSIVE;
				GCC_WARN_UNUSED_FUNCTION = YES;
				GCC_WARN_UNUSED_VARIABLE = YES;
				IPHONEOS_DEPLOYMENT_TARGET = 13.4;
				MTL_ENABLE_DEBUG_INFO = INCLUDE_SOURCE;
				MTL_FAST_MATH = YES;
				ONLY_ACTIVE_ARCH = YES;
				SDKROOT = iphoneos;
				SWIFT_ACTIVE_COMPILATION_CONDITIONS = DEBUG;
				SWIFT_OPTIMIZATION_LEVEL = "-Onone";
			};
			name = Debug;
		};
		D047224024479EF100D8E667 /* Release */ = {
			isa = XCBuildConfiguration;
			buildSettings = {
				ALWAYS_SEARCH_USER_PATHS = NO;
				CLANG_ANALYZER_NONNULL = YES;
				CLANG_ANALYZER_NUMBER_OBJECT_CONVERSION = YES_AGGRESSIVE;
				CLANG_CXX_LANGUAGE_STANDARD = "gnu++14";
				CLANG_CXX_LIBRARY = "libc++";
				CLANG_ENABLE_MODULES = YES;
				CLANG_ENABLE_OBJC_ARC = YES;
				CLANG_ENABLE_OBJC_WEAK = YES;
				CLANG_WARN_BLOCK_CAPTURE_AUTORELEASING = YES;
				CLANG_WARN_BOOL_CONVERSION = YES;
				CLANG_WARN_COMMA = YES;
				CLANG_WARN_CONSTANT_CONVERSION = YES;
				CLANG_WARN_DEPRECATED_OBJC_IMPLEMENTATIONS = YES;
				CLANG_WARN_DIRECT_OBJC_ISA_USAGE = YES_ERROR;
				CLANG_WARN_DOCUMENTATION_COMMENTS = YES;
				CLANG_WARN_EMPTY_BODY = YES;
				CLANG_WARN_ENUM_CONVERSION = YES;
				CLANG_WARN_INFINITE_RECURSION = YES;
				CLANG_WARN_INT_CONVERSION = YES;
				CLANG_WARN_NON_LITERAL_NULL_CONVERSION = YES;
				CLANG_WARN_OBJC_IMPLICIT_RETAIN_SELF = YES;
				CLANG_WARN_OBJC_LITERAL_CONVERSION = YES;
				CLANG_WARN_OBJC_ROOT_CLASS = YES_ERROR;
				CLANG_WARN_RANGE_LOOP_ANALYSIS = YES;
				CLANG_WARN_STRICT_PROTOTYPES = YES;
				CLANG_WARN_SUSPICIOUS_MOVE = YES;
				CLANG_WARN_UNGUARDED_AVAILABILITY = YES_AGGRESSIVE;
				CLANG_WARN_UNREACHABLE_CODE = YES;
				CLANG_WARN__DUPLICATE_METHOD_MATCH = YES;
				COPY_PHASE_STRIP = NO;
				DEBUG_INFORMATION_FORMAT = "dwarf-with-dsym";
				ENABLE_NS_ASSERTIONS = NO;
				ENABLE_STRICT_OBJC_MSGSEND = YES;
				GCC_C_LANGUAGE_STANDARD = gnu11;
				GCC_NO_COMMON_BLOCKS = YES;
				GCC_WARN_64_TO_32_BIT_CONVERSION = YES;
				GCC_WARN_ABOUT_RETURN_TYPE = YES_ERROR;
				GCC_WARN_UNDECLARED_SELECTOR = YES;
				GCC_WARN_UNINITIALIZED_AUTOS = YES_AGGRESSIVE;
				GCC_WARN_UNUSED_FUNCTION = YES;
				GCC_WARN_UNUSED_VARIABLE = YES;
				IPHONEOS_DEPLOYMENT_TARGET = 13.4;
				MTL_ENABLE_DEBUG_INFO = NO;
				MTL_FAST_MATH = YES;
				SDKROOT = iphoneos;
				SWIFT_COMPILATION_MODE = wholemodule;
				SWIFT_OPTIMIZATION_LEVEL = "-O";
				VALIDATE_PRODUCT = YES;
			};
			name = Release;
		};
		D047224224479EF100D8E667 /* Debug */ = {
			isa = XCBuildConfiguration;
			buildSettings = {
				ASSETCATALOG_COMPILER_APPICON_NAME = AppIcon;
				CODE_SIGN_ENTITLEMENTS = "Git Monitor/Git Monitor.entitlements";
				CODE_SIGN_STYLE = Automatic;
				DEVELOPMENT_TEAM = ELDYT74352;
				INFOPLIST_FILE = "Git Monitor/Info.plist";
				LD_RUNPATH_SEARCH_PATHS = (
					"$(inherited)",
					"@executable_path/Frameworks",
				);
				PRODUCT_BUNDLE_IDENTIFIER = "com.fdev.Git-Monitor";
				PRODUCT_NAME = "$(TARGET_NAME)";
				SUPPORTS_MACCATALYST = YES;
				SWIFT_VERSION = 5.0;
				TARGETED_DEVICE_FAMILY = "1,2";
			};
			name = Debug;
		};
		D047224324479EF100D8E667 /* Release */ = {
			isa = XCBuildConfiguration;
			buildSettings = {
				ASSETCATALOG_COMPILER_APPICON_NAME = AppIcon;
				CODE_SIGN_ENTITLEMENTS = "Git Monitor/Git Monitor.entitlements";
				CODE_SIGN_STYLE = Automatic;
				DEVELOPMENT_TEAM = ELDYT74352;
				INFOPLIST_FILE = "Git Monitor/Info.plist";
				LD_RUNPATH_SEARCH_PATHS = (
					"$(inherited)",
					"@executable_path/Frameworks",
				);
				PRODUCT_BUNDLE_IDENTIFIER = "com.fdev.Git-Monitor";
				PRODUCT_NAME = "$(TARGET_NAME)";
				SUPPORTS_MACCATALYST = YES;
				SWIFT_VERSION = 5.0;
				TARGETED_DEVICE_FAMILY = "1,2";
			};
			name = Release;
		};
		D047224524479EF100D8E667 /* Debug */ = {
			isa = XCBuildConfiguration;
			buildSettings = {
				ALWAYS_EMBED_SWIFT_STANDARD_LIBRARIES = YES;
				BUNDLE_LOADER = "$(TEST_HOST)";
				CODE_SIGN_STYLE = Automatic;
				DEVELOPMENT_TEAM = ELDYT74352;
				INFOPLIST_FILE = "Git MonitorTests/Info.plist";
				IPHONEOS_DEPLOYMENT_TARGET = 13.4;
				LD_RUNPATH_SEARCH_PATHS = (
					"$(inherited)",
					"@executable_path/Frameworks",
					"@loader_path/Frameworks",
				);
				PRODUCT_BUNDLE_IDENTIFIER = "com.fdev.Git-MonitorTests";
				PRODUCT_NAME = "$(TARGET_NAME)";
				SWIFT_VERSION = 5.0;
				TARGETED_DEVICE_FAMILY = "1,2";
				TEST_HOST = "$(BUILT_PRODUCTS_DIR)/Git Monitor.app/Git Monitor";
			};
			name = Debug;
		};
		D047224624479EF100D8E667 /* Release */ = {
			isa = XCBuildConfiguration;
			buildSettings = {
				ALWAYS_EMBED_SWIFT_STANDARD_LIBRARIES = YES;
				BUNDLE_LOADER = "$(TEST_HOST)";
				CODE_SIGN_STYLE = Automatic;
				DEVELOPMENT_TEAM = ELDYT74352;
				INFOPLIST_FILE = "Git MonitorTests/Info.plist";
				IPHONEOS_DEPLOYMENT_TARGET = 13.4;
				LD_RUNPATH_SEARCH_PATHS = (
					"$(inherited)",
					"@executable_path/Frameworks",
					"@loader_path/Frameworks",
				);
				PRODUCT_BUNDLE_IDENTIFIER = "com.fdev.Git-MonitorTests";
				PRODUCT_NAME = "$(TARGET_NAME)";
				SWIFT_VERSION = 5.0;
				TARGETED_DEVICE_FAMILY = "1,2";
				TEST_HOST = "$(BUILT_PRODUCTS_DIR)/Git Monitor.app/Git Monitor";
			};
			name = Release;
		};
/* End XCBuildConfiguration section */

/* Begin XCConfigurationList section */
		D047221A24479EEF00D8E667 /* Build configuration list for PBXProject "Git Monitor" */ = {
			isa = XCConfigurationList;
			buildConfigurations = (
				D047223F24479EF100D8E667 /* Debug */,
				D047224024479EF100D8E667 /* Release */,
			);
			defaultConfigurationIsVisible = 0;
			defaultConfigurationName = Release;
		};
		D047224124479EF100D8E667 /* Build configuration list for PBXNativeTarget "Git Monitor" */ = {
			isa = XCConfigurationList;
			buildConfigurations = (
				D047224224479EF100D8E667 /* Debug */,
				D047224324479EF100D8E667 /* Release */,
			);
			defaultConfigurationIsVisible = 0;
			defaultConfigurationName = Release;
		};
		D047224424479EF100D8E667 /* Build configuration list for PBXNativeTarget "Git MonitorTests" */ = {
			isa = XCConfigurationList;
			buildConfigurations = (
				D047224524479EF100D8E667 /* Debug */,
				D047224624479EF100D8E667 /* Release */,
			);
			defaultConfigurationIsVisible = 0;
			defaultConfigurationName = Release;
		};
/* End XCConfigurationList section */

/* Begin XCRemoteSwiftPackageReference section */
		D0ECABDF244855E200794183 /* XCRemoteSwiftPackageReference "SnapKit" */ = {
			isa = XCRemoteSwiftPackageReference;
			repositoryURL = "https://github.com/SnapKit/SnapKit.git";
			requirement = {
				kind = upToNextMajorVersion;
				minimumVersion = 5.0.1;
			};
		};
/* End XCRemoteSwiftPackageReference section */

/* Begin XCSwiftPackageProductDependency section */
		D0ECABE0244855E200794183 /* SnapKit */ = {
			isa = XCSwiftPackageProductDependency;
			package = D0ECABDF244855E200794183 /* XCRemoteSwiftPackageReference "SnapKit" */;
			productName = SnapKit;
		};
/* End XCSwiftPackageProductDependency section */

/* Begin XCVersionGroup section */
		D047222B24479EEF00D8E667 /* Git_Monitor.xcdatamodeld */ = {
			isa = XCVersionGroup;
			children = (
				D047222C24479EEF00D8E667 /* Git_Monitor.xcdatamodel */,
			);
			currentVersion = D047222C24479EEF00D8E667 /* Git_Monitor.xcdatamodel */;
			path = Git_Monitor.xcdatamodeld;
			sourceTree = "<group>";
			versionGroupType = wrapper.xcdatamodel;
		};
/* End XCVersionGroup section */
	};
	rootObject = D047221724479EEF00D8E667 /* Project object */;
}
